
Microsoft Visual Studio Solution File, Format Version 12.00
# Visual Studio 14
VisualStudioVersion = 14.0.25420.1
MinimumVisualStudioVersion = 10.0.40219.1
Project("{8BC9CEB8-8B4A-11D0-8D11-00A0C91BC942}") = "ReGameDLL", "..\regamedll\msvc\ReGameDLL.vcxproj", "{70A2B904-B7DB-4C48-8DE0-AF567360D572}"
	ProjectSection(ProjectDependencies) = postProject
		{CEB94F7C-E459-4673-AABB-36E2074396C0} = {CEB94F7C-E459-4673-AABB-36E2074396C0}
	EndProjectSection
EndProject
Project("{8BC9CEB8-8B4A-11D0-8D11-00A0C91BC942}") = "cppunitlite", "..\dep\cppunitlite\msvc\cppunitlite.vcxproj", "{CEB94F7C-E459-4673-AABB-36E2074396C0}"
EndProject
Project("{2150E333-8FDC-42A3-9474-1A3956D46DE8}") = "gradle", "gradle", "{DB570330-2FEE-4C39-971B-340019B6E661}"
	ProjectSection(SolutionItems) = preProject
		..\build.gradle = ..\build.gradle
		..\gradle.properties = ..\gradle.properties
		..\settings.gradle = ..\settings.gradle
		..\shared.gradle = ..\shared.gradle
	EndProjectSection
EndProject
Global
	GlobalSection(SolutionConfigurationPlatforms) = preSolution
		Debug Play|Win32 = Debug Play|Win32
		Debug|Win32 = Debug|Win32
		Release Play|Win32 = Release Play|Win32
		Release|Win32 = Release|Win32
		Tests|Win32 = Tests|Win32
	EndGlobalSection
	GlobalSection(ProjectConfigurationPlatforms) = postSolution
		{70A2B904-B7DB-4C48-8DE0-AF567360D572}.Debug Play|Win32.ActiveCfg = Debug Play|Win32
		{70A2B904-B7DB-4C48-8DE0-AF567360D572}.Debug Play|Win32.Build.0 = Debug Play|Win32
		{70A2B904-B7DB-4C48-8DE0-AF567360D572}.Debug|Win32.ActiveCfg = Debug|Win32
		{70A2B904-B7DB-4C48-8DE0-AF567360D572}.Debug|Win32.Build.0 = Debug|Win32
		{70A2B904-B7DB-4C48-8DE0-AF567360D572}.Release Play|Win32.ActiveCfg = Release Play|Win32
		{70A2B904-B7DB-4C48-8DE0-AF567360D572}.Release Play|Win32.Build.0 = Release Play|Win32
		{70A2B904-B7DB-4C48-8DE0-AF567360D572}.Release|Win32.ActiveCfg = Release|Win32
		{70A2B904-B7DB-4C48-8DE0-AF567360D572}.Release|Win32.Build.0 = Release|Win32
		{70A2B904-B7DB-4C48-8DE0-AF567360D572}.Tests|Win32.ActiveCfg = Tests|Win32
		{70A2B904-B7DB-4C48-8DE0-AF567360D572}.Tests|Win32.Build.0 = Tests|Win32
		{CEB94F7C-E459-4673-AABB-36E2074396C0}.Debug Play|Win32.ActiveCfg = Debug|Win32
		{CEB94F7C-E459-4673-AABB-36E2074396C0}.Debug Play|Win32.Build.0 = Debug|Win32
		{CEB94F7C-E459-4673-AABB-36E2074396C0}.Debug|Win32.ActiveCfg = Debug|Win32
		{CEB94F7C-E459-4673-AABB-36E2074396C0}.Debug|Win32.Build.0 = Debug|Win32
		{CEB94F7C-E459-4673-AABB-36E2074396C0}.Release Play|Win32.ActiveCfg = Release|Win32
		{CEB94F7C-E459-4673-AABB-36E2074396C0}.Release Play|Win32.Build.0 = Release|Win32
		{CEB94F7C-E459-4673-AABB-36E2074396C0}.Release|Win32.ActiveCfg = Release|Win32
		{CEB94F7C-E459-4673-AABB-36E2074396C0}.Release|Win32.Build.0 = Release|Win32
		{CEB94F7C-E459-4673-AABB-36E2074396C0}.Tests|Win32.ActiveCfg = Debug|Win32
		{CEB94F7C-E459-4673-AABB-36E2074396C0}.Tests|Win32.Build.0 = Debug|Win32
	EndGlobalSection
	GlobalSection(SolutionProperties) = preSolution
		HideSolutionNode = FALSE
	EndGlobalSection
EndGlobal
